# THIS IS AN AUTOGENERATED FILE. DO NOT EDIT THIS FILE DIRECTLY.
# yarn lockfile v1


"@tanstack/match-sorter-utils@^8.1.1":
  version "8.5.14"
  resolved "https://registry.yarnpkg.com/@tanstack/match-sorter-utils/-/match-sorter-utils-8.5.14.tgz#12efcd536abe491d09521e0242bc4d51442f8a8a"
  integrity sha512-lVNhzTcOJ2bZ4IU+PeCPQ36vowBHvviJb2ZfdRFX5uhy7G0jM8N34zAMbmS5ZmVH8D2B7oU82OWo0e/5ZFzQrw==
  dependencies:
    remove-accents "0.4.2"

"@tanstack/react-query-devtools@^4.14.6":
  version "4.14.6"
  resolved "https://registry.yarnpkg.com/@tanstack/react-query-devtools/-/react-query-devtools-4.14.6.tgz#3e3b99f147f63c4c63df7a4e9b9492b72c2f2920"
  integrity sha512-sniduBwiMYl2bkC/9dTlpZQQqMQdJeiubl/UUUZkD4qH/OOVFK5EiHxvBxNXYPY6S0q8QmmI/0KOsk4a+Eoq3w==
  dependencies:
    "@tanstack/match-sorter-utils" "^8.1.1"
    superjson "^1.10.0"
    use-sync-external-store "^1.2.0"

copy-anything@^3.0.2:
  version "3.0.2"
  resolved "https://registry.yarnpkg.com/copy-anything/-/copy-anything-3.0.2.tgz#7189171ff5e1893b2287e8bf574b8cd448ed50b1"
  integrity sha512-CzATjGXzUQ0EvuvgOCI6A4BGOo2bcVx8B+eC2nF862iv9fopnPQwlrbACakNCHRIJbCSBj+J/9JeDf60k64MkA==
  dependencies:
    is-what "^4.1.6"

is-what@^4.1.6:
  version "4.1.7"
  resolved "https://registry.yarnpkg.com/is-what/-/is-what-4.1.7.tgz#c41dc1d2d2d6a9285c624c2505f61849c8b1f9cc"
  integrity sha512-DBVOQNiPKnGMxRMLIYSwERAS5MVY1B7xYiGnpgctsOFvVDz9f9PFXXxMcTOHuoqYp4NK9qFYQaIC1NRRxLMpBQ==

remove-accents@0.4.2:
  version "0.4.2"
  resolved "https://registry.yarnpkg.com/remove-accents/-/remove-accents-0.4.2.tgz#0a43d3aaae1e80db919e07ae254b285d9e1c7bb5"
  integrity sha512-7pXIJqJOq5tFgG1A2Zxti3Ht8jJF337m4sowbuHsW30ZnkQFnDzy9qBNhgzX8ZLW4+UBcXiiR7SwR6pokHsxiA==

superjson@^1.10.0:
  version "1.11.0"
  resolved "https://registry.yarnpkg.com/superjson/-/superjson-1.11.0.tgz#f6e2ae0d8fbac61c3fca09ab6739ac9678414d1b"
  integrity sha512-6PfAg1FKhqkwWvPb2uXhH4MkMttdc17eJ91+Aoz4s1XUEDZFmLfFx/xVA3wgkPxAGy5dpozgGdK6V/n20Wj9yg==
  dependencies:
    copy-anything "^3.0.2"

use-sync-external-store@^1.2.0:
  version "1.2.0"
  resolved "https://registry.yarnpkg.com/use-sync-external-store/-/use-sync-external-store-1.2.0.tgz#7dbefd6ef3fe4e767a0cf5d7287aacfb5846928a"
  integrity sha512-eEgnFxGQ1Ife9bzYs6VLi8/4X6CObHMw9Qr9tPY43iKwsPw8xE8+EFsf/2cFZ5S3esXgpWgtSCtLNS41F+sKPA==
